// !$*UTF8*$!
{
	archiveVersion = 1;
	classes = {
	};
	objectVersion = 46;
	objects = {

/* Begin PBXBuildFile section */
		8EF1564D1944D14D00214EBB /* Foundation.framework in Frameworks */ = {isa = PBXBuildFile; fileRef = 8EF1564C1944D14D00214EBB /* Foundation.framework */; };
		8EF1564F1944D14D00214EBB /* CoreGraphics.framework in Frameworks */ = {isa = PBXBuildFile; fileRef = 8EF1564E1944D14D00214EBB /* CoreGraphics.framework */; };
		8EF156511944D14D00214EBB /* UIKit.framework in Frameworks */ = {isa = PBXBuildFile; fileRef = 8EF156501944D14D00214EBB /* UIKit.framework */; };
		8EF156571944D14D00214EBB /* InfoPlist.strings in Resources */ = {isa = PBXBuildFile; fileRef = 8EF156551944D14D00214EBB /* InfoPlist.strings */; };
		8EF156591944D14D00214EBB /* main.m in Sources */ = {isa = PBXBuildFile; fileRef = 8EF156581944D14D00214EBB /* main.m */; };
		8EF1565D1944D14D00214EBB /* BCOAppDelegate.m in Sources */ = {isa = PBXBuildFile; fileRef = 8EF1565C1944D14D00214EBB /* BCOAppDelegate.m */; };
		8EF156601944D14D00214EBB /* Main.storyboard in Resources */ = {isa = PBXBuildFile; fileRef = 8EF1565E1944D14D00214EBB /* Main.storyboard */; };
		8EF156631944D14D00214EBB /* BCOViewController.m in Sources */ = {isa = PBXBuildFile; fileRef = 8EF156621944D14D00214EBB /* BCOViewController.m */; };
		8EF156651944D14D00214EBB /* Images.xcassets in Resources */ = {isa = PBXBuildFile; fileRef = 8EF156641944D14D00214EBB /* Images.xcassets */; };
		8EF1566C1944D14D00214EBB /* XCTest.framework in Frameworks */ = {isa = PBXBuildFile; fileRef = 8EF1566B1944D14D00214EBB /* XCTest.framework */; };
		8EF1566D1944D14D00214EBB /* Foundation.framework in Frameworks */ = {isa = PBXBuildFile; fileRef = 8EF1564C1944D14D00214EBB /* Foundation.framework */; };
		8EF1566E1944D14D00214EBB /* UIKit.framework in Frameworks */ = {isa = PBXBuildFile; fileRef = 8EF156501944D14D00214EBB /* UIKit.framework */; };
		8EF156761944D14D00214EBB /* InfoPlist.strings in Resources */ = {isa = PBXBuildFile; fileRef = 8EF156741944D14D00214EBB /* InfoPlist.strings */; };
		8EF156781944D14D00214EBB /* DraggableTests.m in Sources */ = {isa = PBXBuildFile; fileRef = 8EF156771944D14D00214EBB /* DraggableTests.m */; };
		8EF156831944D1A800214EBB /* UIView+BCODraggable.m in Sources */ = {isa = PBXBuildFile; fileRef = 8EF156821944D1A800214EBB /* UIView+BCODraggable.m */; };
		8EF156861944DDA300214EBB /* BCOCustomView.m in Sources */ = {isa = PBXBuildFile; fileRef = 8EF156851944DDA300214EBB /* BCOCustomView.m */; };
		8EF1568A194C1F6800214EBB /* BCOTouchRooter.m in Sources */ = {isa = PBXBuildFile; fileRef = 8EF15689194C1F6800214EBB /* BCOTouchRooter.m */; };
/* End PBXBuildFile section */

/* Begin PBXContainerItemProxy section */
		8EF1566F1944D14D00214EBB /* PBXContainerItemProxy */ = {
			isa = PBXContainerItemProxy;
			containerPortal = 8EF156411944D14D00214EBB /* Project object */;
			proxyType = 1;
			remoteGlobalIDString = 8EF156481944D14D00214EBB;
			remoteInfo = Draggable;
		};
/* End PBXContainerItemProxy section */

/* Begin PBXFileReference section */
		8EF156491944D14D00214EBB /* Draggable.app */ = {isa = PBXFileReference; explicitFileType = wrapper.application; includeInIndex = 0; path = Draggable.app; sourceTree = BUILT_PRODUCTS_DIR; };
		8EF1564C1944D14D00214EBB /* Foundation.framework */ = {isa = PBXFileReference; lastKnownFileType = wrapper.framework; name = Foundation.framework; path = System/Library/Frameworks/Foundation.framework; sourceTree = SDKROOT; };
		8EF1564E1944D14D00214EBB /* CoreGraphics.framework */ = {isa = PBXFileReference; lastKnownFileType = wrapper.framework; name = CoreGraphics.framework; path = System/Library/Frameworks/CoreGraphics.framework; sourceTree = SDKROOT; };
		8EF156501944D14D00214EBB /* UIKit.framework */ = {isa = PBXFileReference; lastKnownFileType = wrapper.framework; name = UIKit.framework; path = System/Library/Frameworks/UIKit.framework; sourceTree = SDKROOT; };
		8EF156541944D14D00214EBB /* Draggable-Info.plist */ = {isa = PBXFileReference; lastKnownFileType = text.plist.xml; path = "Draggable-Info.plist"; sourceTree = "<group>"; };
		8EF156561944D14D00214EBB /* en */ = {isa = PBXFileReference; lastKnownFileType = text.plist.strings; name = en; path = en.lproj/InfoPlist.strings; sourceTree = "<group>"; };
		8EF156581944D14D00214EBB /* main.m */ = {isa = PBXFileReference; lastKnownFileType = sourcecode.c.objc; path = main.m; sourceTree = "<group>"; };
		8EF1565A1944D14D00214EBB /* Draggable-Prefix.pch */ = {isa = PBXFileReference; lastKnownFileType = sourcecode.c.h; path = "Draggable-Prefix.pch"; sourceTree = "<group>"; };
		8EF1565B1944D14D00214EBB /* BCOAppDelegate.h */ = {isa = PBXFileReference; lastKnownFileType = sourcecode.c.h; path = BCOAppDelegate.h; sourceTree = "<group>"; };
		8EF1565C1944D14D00214EBB /* BCOAppDelegate.m */ = {isa = PBXFileReference; lastKnownFileType = sourcecode.c.objc; path = BCOAppDelegate.m; sourceTree = "<group>"; };
		8EF1565F1944D14D00214EBB /* Base */ = {isa = PBXFileReference; lastKnownFileType = file.storyboard; name = Base; path = Base.lproj/Main.storyboard; sourceTree = "<group>"; };
		8EF156611944D14D00214EBB /* BCOViewController.h */ = {isa = PBXFileReference; lastKnownFileType = sourcecode.c.h; path = BCOViewController.h; sourceTree = "<group>"; };
		8EF156621944D14D00214EBB /* BCOViewController.m */ = {isa = PBXFileReference; lastKnownFileType = sourcecode.c.objc; path = BCOViewController.m; sourceTree = "<group>"; };
		8EF156641944D14D00214EBB /* Images.xcassets */ = {isa = PBXFileReference; lastKnownFileType = folder.assetcatalog; path = Images.xcassets; sourceTree = "<group>"; };
		8EF1566A1944D14D00214EBB /* DraggableTests.xctest */ = {isa = PBXFileReference; explicitFileType = wrapper.cfbundle; includeInIndex = 0; path = DraggableTests.xctest; sourceTree = BUILT_PRODUCTS_DIR; };
		8EF1566B1944D14D00214EBB /* XCTest.framework */ = {isa = PBXFileReference; lastKnownFileType = wrapper.framework; name = XCTest.framework; path = Library/Frameworks/XCTest.framework; sourceTree = DEVELOPER_DIR; };
		8EF156731944D14D00214EBB /* DraggableTests-Info.plist */ = {isa = PBXFileReference; lastKnownFileType = text.plist.xml; path = "DraggableTests-Info.plist"; sourceTree = "<group>"; };
		8EF156751944D14D00214EBB /* en */ = {isa = PBXFileReference; lastKnownFileType = text.plist.strings; name = en; path = en.lproj/InfoPlist.strings; sourceTree = "<group>"; };
		8EF156771944D14D00214EBB /* DraggableTests.m */ = {isa = PBXFileReference; lastKnownFileType = sourcecode.c.objc; path = DraggableTests.m; sourceTree = "<group>"; };
		8EF156811944D1A800214EBB /* UIView+BCODraggable.h */ = {isa = PBXFileReference; fileEncoding = 4; lastKnownFileType = sourcecode.c.h; path = "UIView+BCODraggable.h"; sourceTree = "<group>"; };
		8EF156821944D1A800214EBB /* UIView+BCODraggable.m */ = {isa = PBXFileReference; fileEncoding = 4; lastKnownFileType = sourcecode.c.objc; path = "UIView+BCODraggable.m"; sourceTree = "<group>"; };
		8EF156841944DDA300214EBB /* BCOCustomView.h */ = {isa = PBXFileReference; fileEncoding = 4; lastKnownFileType = sourcecode.c.h; path = BCOCustomView.h; sourceTree = "<group>"; };
		8EF156851944DDA300214EBB /* BCOCustomView.m */ = {isa = PBXFileReference; fileEncoding = 4; lastKnownFileType = sourcecode.c.objc; path = BCOCustomView.m; sourceTree = "<group>"; };
		8EF15688194C1F6800214EBB /* BCOTouchRooter.h */ = {isa = PBXFileReference; fileEncoding = 4; lastKnownFileType = sourcecode.c.h; path = BCOTouchRooter.h; sourceTree = "<group>"; };
		8EF15689194C1F6800214EBB /* BCOTouchRooter.m */ = {isa = PBXFileReference; fileEncoding = 4; lastKnownFileType = sourcecode.c.objc; path = BCOTouchRooter.m; sourceTree = "<group>"; };
/* End PBXFileReference section */

/* Begin PBXFrameworksBuildPhase section */
		8EF156461944D14D00214EBB /* Frameworks */ = {
			isa = PBXFrameworksBuildPhase;
			buildActionMask = 2147483647;
			files = (
				8EF1564F1944D14D00214EBB /* CoreGraphics.framework in Frameworks */,
				8EF156511944D14D00214EBB /* UIKit.framework in Frameworks */,
				8EF1564D1944D14D00214EBB /* Foundation.framework in Frameworks */,
			);
			runOnlyForDeploymentPostprocessing = 0;
		};
		8EF156671944D14D00214EBB /* Frameworks */ = {
			isa = PBXFrameworksBuildPhase;
			buildActionMask = 2147483647;
			files = (
				8EF1566C1944D14D00214EBB /* XCTest.framework in Frameworks */,
				8EF1566E1944D14D00214EBB /* UIKit.framework in Frameworks */,
				8EF1566D1944D14D00214EBB /* Foundation.framework in Frameworks */,
			);
			runOnlyForDeploymentPostprocessing = 0;
		};
/* End PBXFrameworksBuildPhase section */

/* Begin PBXGroup section */
		8EF156401944D14D00214EBB = {
			isa = PBXGroup;
			children = (
				8EF156521944D14D00214EBB /* Draggable */,
				8EF156711944D14D00214EBB /* DraggableTests */,
				8EF1564B1944D14D00214EBB /* Frameworks */,
				8EF1564A1944D14D00214EBB /* Products */,
			);
			sourceTree = "<group>";
		};
		8EF1564A1944D14D00214EBB /* Products */ = {
			isa = PBXGroup;
			children = (
				8EF156491944D14D00214EBB /* Draggable.app */,
				8EF1566A1944D14D00214EBB /* DraggableTests.xctest */,
			);
			name = Products;
			sourceTree = "<group>";
		};
		8EF1564B1944D14D00214EBB /* Frameworks */ = {
			isa = PBXGroup;
			children = (
				8EF1564C1944D14D00214EBB /* Foundation.framework */,
				8EF1564E1944D14D00214EBB /* CoreGraphics.framework */,
				8EF156501944D14D00214EBB /* UIKit.framework */,
				8EF1566B1944D14D00214EBB /* XCTest.framework */,
			);
			name = Frameworks;
			sourceTree = "<group>";
		};
		8EF156521944D14D00214EBB /* Draggable */ = {
			isa = PBXGroup;
			children = (
				8EF1565B1944D14D00214EBB /* BCOAppDelegate.h */,
				8EF1565C1944D14D00214EBB /* BCOAppDelegate.m */,
				8EF1565E1944D14D00214EBB /* Main.storyboard */,
				8EF156611944D14D00214EBB /* BCOViewController.h */,
				8EF156621944D14D00214EBB /* BCOViewController.m */,
				8EF156841944DDA300214EBB /* BCOCustomView.h */,
				8EF156851944DDA300214EBB /* BCOCustomView.m */,
				8EF156811944D1A800214EBB /* UIView+BCODraggable.h */,
				8EF156821944D1A800214EBB /* UIView+BCODraggable.m */,
				8EF15687194C1F6800214EBB /* BCOTouchRooter */,
				8EF156641944D14D00214EBB /* Images.xcassets */,
				8EF156531944D14D00214EBB /* Supporting Files */,
			);
			path = Draggable;
			sourceTree = "<group>";
		};
		8EF156531944D14D00214EBB /* Supporting Files */ = {
			isa = PBXGroup;
			children = (
				8EF156541944D14D00214EBB /* Draggable-Info.plist */,
				8EF156551944D14D00214EBB /* InfoPlist.strings */,
				8EF156581944D14D00214EBB /* main.m */,
				8EF1565A1944D14D00214EBB /* Draggable-Prefix.pch */,
			);
			name = "Supporting Files";
			sourceTree = "<group>";
		};
		8EF156711944D14D00214EBB /* DraggableTests */ = {
			isa = PBXGroup;
			children = (
				8EF156771944D14D00214EBB /* DraggableTests.m */,
				8EF156721944D14D00214EBB /* Supporting Files */,
			);
			path = DraggableTests;
			sourceTree = "<group>";
		};
		8EF156721944D14D00214EBB /* Supporting Files */ = {
			isa = PBXGroup;
			children = (
				8EF156731944D14D00214EBB /* DraggableTests-Info.plist */,
				8EF156741944D14D00214EBB /* InfoPlist.strings */,
			);
			name = "Supporting Files";
			sourceTree = "<group>";
		};
		8EF15687194C1F6800214EBB /* BCOTouchRooter */ = {
			isa = PBXGroup;
			children = (
				8EF15688194C1F6800214EBB /* BCOTouchRooter.h */,
				8EF15689194C1F6800214EBB /* BCOTouchRooter.m */,
			);
			path = BCOTouchRooter;
			sourceTree = "<group>";
		};
/* End PBXGroup section */

/* Begin PBXNativeTarget section */
		8EF156481944D14D00214EBB /* Draggable */ = {
			isa = PBXNativeTarget;
			buildConfigurationList = 8EF1567B1944D14D00214EBB /* Build configuration list for PBXNativeTarget "Draggable" */;
			buildPhases = (
				8EF156451944D14D00214EBB /* Sources */,
				8EF156461944D14D00214EBB /* Frameworks */,
				8EF156471944D14D00214EBB /* Resources */,
			);
			buildRules = (
			);
			dependencies = (
			);
			name = Draggable;
			productName = Draggable;
			productReference = 8EF156491944D14D00214EBB /* Draggable.app */;
			productType = "com.apple.product-type.application";
		};
		8EF156691944D14D00214EBB /* DraggableTests */ = {
			isa = PBXNativeTarget;
			buildConfigurationList = 8EF1567E1944D14D00214EBB /* Build configuration list for PBXNativeTarget "DraggableTests" */;
			buildPhases = (
				8EF156661944D14D00214EBB /* Sources */,
				8EF156671944D14D00214EBB /* Frameworks */,
				8EF156681944D14D00214EBB /* Resources */,
			);
			buildRules = (
			);
			dependencies = (
				8EF156701944D14D00214EBB /* PBXTargetDependency */,
			);
			name = DraggableTests;
			productName = DraggableTests;
			productReference = 8EF1566A1944D14D00214EBB /* DraggableTests.xctest */;
			productType = "com.apple.product-type.bundle.unit-test";
		};
/* End PBXNativeTarget section */

/* Begin PBXProject section */
		8EF156411944D14D00214EBB /* Project object */ = {
			isa = PBXProject;
			attributes = {
				CLASSPREFIX = BCO;
				LastUpgradeCheck = 0510;
				ORGANIZATIONNAME = "Kohei Abe";
				TargetAttributes = {
					8EF156691944D14D00214EBB = {
						TestTargetID = 8EF156481944D14D00214EBB;
					};
				};
			};
			buildConfigurationList = 8EF156441944D14D00214EBB /* Build configuration list for PBXProject "Draggable" */;
			compatibilityVersion = "Xcode 3.2";
			developmentRegion = English;
			hasScannedForEncodings = 0;
			knownRegions = (
				en,
				Base,
			);
			mainGroup = 8EF156401944D14D00214EBB;
			productRefGroup = 8EF1564A1944D14D00214EBB /* Products */;
			projectDirPath = "";
			projectRoot = "";
			targets = (
				8EF156481944D14D00214EBB /* Draggable */,
				8EF156691944D14D00214EBB /* DraggableTests */,
			);
		};
/* End PBXProject section */

/* Begin PBXResourcesBuildPhase section */
		8EF156471944D14D00214EBB /* Resources */ = {
			isa = PBXResourcesBuildPhase;
			buildActionMask = 2147483647;
			files = (
				8EF156651944D14D00214EBB /* Images.xcassets in Resources */,
				8EF156571944D14D00214EBB /* InfoPlist.strings in Resources */,
				8EF156601944D14D00214EBB /* Main.storyboard in Resources */,
			);
			runOnlyForDeploymentPostprocessing = 0;
		};
		8EF156681944D14D00214EBB /* Resources */ = {
			isa = PBXResourcesBuildPhase;
			buildActionMask = 2147483647;
			files = (
				8EF156761944D14D00214EBB /* InfoPlist.strings in Resources */,
			);
			runOnlyForDeploymentPostprocessing = 0;
		};
/* End PBXResourcesBuildPhase section */

/* Begin PBXSourcesBuildPhase section */
		8EF156451944D14D00214EBB /* Sources */ = {
			isa = PBXSourcesBuildPhase;
			buildActionMask = 2147483647;
			files = (
				8EF156861944DDA300214EBB /* BCOCustomView.m in Sources */,
				8EF156631944D14D00214EBB /* BCOViewController.m in Sources */,
				8EF156831944D1A800214EBB /* UIView+BCODraggable.m in Sources */,
				8EF156591944D14D00214EBB /* main.m in Sources */,
				8EF1565D1944D14D00214EBB /* BCOAppDelegate.m in Sources */,
				8EF1568A194C1F6800214EBB /* BCOTouchRooter.m in Sources */,
			);
			runOnlyForDeploymentPostprocessing = 0;
		};
		8EF156661944D14D00214EBB /* Sources */ = {
			isa = PBXSourcesBuildPhase;
			buildActionMask = 2147483647;
			files = (
				8EF156781944D14D00214EBB /* DraggableTests.m in Sources */,
			);
			runOnlyForDeploymentPostprocessing = 0;
		};
/* End PBXSourcesBuildPhase section */

/* Begin PBXTargetDependency section */
		8EF156701944D14D00214EBB /* PBXTargetDependency */ = {
			isa = PBXTargetDependency;
			target = 8EF156481944D14D00214EBB /* Draggable */;
			targetProxy = 8EF1566F1944D14D00214EBB /* PBXContainerItemProxy */;
		};
/* End PBXTargetDependency section */

/* Begin PBXVariantGroup section */
		8EF156551944D14D00214EBB /* InfoPlist.strings */ = {
			isa = PBXVariantGroup;
			children = (
				8EF156561944D14D00214EBB /* en */,
			);
			name = InfoPlist.strings;
			sourceTree = "<group>";
		};
		8EF1565E1944D14D00214EBB /* Main.storyboard */ = {
			isa = PBXVariantGroup;
			children = (
				8EF1565F1944D14D00214EBB /* Base */,
			);
			name = Main.storyboard;
			sourceTree = "<group>";
		};
		8EF156741944D14D00214EBB /* InfoPlist.strings */ = {
			isa = PBXVariantGroup;
			children = (
				8EF156751944D14D00214EBB /* en */,
			);
			name = InfoPlist.strings;
			sourceTree = "<group>";
		};
/* End PBXVariantGroup section */

/* Begin XCBuildConfiguration section */
		8EF156791944D14D00214EBB /* Debug */ = {
			isa = XCBuildConfiguration;
			buildSettings = {
				ALWAYS_SEARCH_USER_PATHS = NO;
				CLANG_CXX_LANGUAGE_STANDARD = "gnu++0x";
				CLANG_CXX_LIBRARY = "libc++";
				CLANG_ENABLE_MODULES = YES;
				CLANG_ENABLE_OBJC_ARC = YES;
				CLANG_WARN_BOOL_CONVERSION = YES;
				CLANG_WARN_CONSTANT_CONVERSION = YES;
				CLANG_WARN_DIRECT_OBJC_ISA_USAGE = YES_ERROR;
				CLANG_WARN_EMPTY_BODY = YES;
				CLANG_WARN_ENUM_CONVERSION = YES;
				CLANG_WARN_INT_CONVERSION = YES;
				CLANG_WARN_OBJC_ROOT_CLASS = YES_ERROR;
				CLANG_WARN__DUPLICATE_METHOD_MATCH = YES;
				"CODE_SIGN_IDENTITY[sdk=iphoneos*]" = "iPhone Developer";
				COPY_PHASE_STRIP = NO;
				GCC_C_LANGUAGE_STANDARD = gnu99;
				GCC_DYNAMIC_NO_PIC = NO;
				GCC_OPTIMIZATION_LEVEL = 0;
				GCC_PREPROCESSOR_DEFINITIONS = (
					"DEBUG=1",
					"$(inherited)",
				);
				GCC_SYMBOLS_PRIVATE_EXTERN = NO;
				GCC_WARN_64_TO_32_BIT_CONVERSION = YES;
				GCC_WARN_ABOUT_RETURN_TYPE = YES_ERROR;
				GCC_WARN_UNDECLARED_SELECTOR = YES;
				GCC_WARN_UNINITIALIZED_AUTOS = YES_AGGRESSIVE;
				GCC_WARN_UNUSED_FUNCTION = YES;
				GCC_WARN_UNUSED_VARIABLE = YES;
				IPHONEOS_DEPLOYMENT_TARGET = 7.1;
				ONLY_ACTIVE_ARCH = YES;
				SDKROOT = iphoneos;
			};
			name = Debug;
		};
		8EF1567A1944D14D00214EBB /* Release */ = {
			isa = XCBuildConfiguration;
			buildSettings = {
				ALWAYS_SEARCH_USER_PATHS = NO;
				CLANG_CXX_LANGUAGE_STANDARD = "gnu++0x";
				CLANG_CXX_LIBRARY = "libc++";
				CLANG_ENABLE_MODULES = YES;
				CLANG_ENABLE_OBJC_ARC = YES;
				CLANG_WARN_BOOL_CONVERSION = YES;
				CLANG_WARN_CONSTANT_CONVERSION = YES;
				CLANG_WARN_DIRECT_OBJC_ISA_USAGE = YES_ERROR;
				CLANG_WARN_EMPTY_BODY = YES;
				CLANG_WARN_ENUM_CONVERSION = YES;
				CLANG_WARN_INT_CONVERSION = YES;
				CLANG_WARN_OBJC_ROOT_CLASS = YES_ERROR;
				CLANG_WARN__DUPLICATE_METHOD_MATCH = YES;
				"CODE_SIGN_IDENTITY[sdk=iphoneos*]" = "iPhone Developer";
				COPY_PHASE_STRIP = YES;
				ENABLE_NS_ASSERTIONS = NO;
				GCC_C_LANGUAGE_STANDARD = gnu99;
				GCC_WARN_64_TO_32_BIT_CONVERSION = YES;
				GCC_WARN_ABOUT_RETURN_TYPE = YES_ERROR;
				GCC_WARN_UNDECLARED_SELECTOR = YES;
				GCC_WARN_UNINITIALIZED_AUTOS = YES_AGGRESSIVE;
				GCC_WARN_UNUSED_FUNCTION = YES;
				GCC_WARN_UNUSED_VARIABLE = YES;
				IPHONEOS_DEPLOYMENT_TARGET = 7.1;
				SDKROOT = iphoneos;
				VALIDATE_PRODUCT = YES;
			};
			name = Release;
		};
		8EF1567C1944D14D00214EBB /* Debug */ = {
			isa = XCBuildConfiguration;
			buildSettings = {
				ASSETCATALOG_COMPILER_APPICON_NAME = AppIcon;
				ASSETCATALOG_COMPILER_LAUNCHIMAGE_NAME = LaunchImage;
				GCC_PRECOMPILE_PREFIX_HEADER = YES;
				GCC_PREFIX_HEADER = "Draggable/Draggable-Prefix.pch";
				INFOPLIST_FILE = "Draggable/Draggable-Info.plist";
				PRODUCT_NAME = "$(TARGET_NAME)";
				WRAPPER_EXTENSION = app;
			};
			name = Debug;
		};
		8EF1567D1944D14D00214EBB /* Release */ = {
			isa = XCBuildConfiguration;
			buildSettings = {
				ASSETCATALOG_COMPILER_APPICON_NAME = AppIcon;
				ASSETCATALOG_COMPILER_LAUNCHIMAGE_NAME = LaunchImage;
				GCC_PRECOMPILE_PREFIX_HEADER = YES;
				GCC_PREFIX_HEADER = "Draggable/Draggable-Prefix.pch";
				INFOPLIST_FILE = "Draggable/Draggable-Info.plist";
				PRODUCT_NAME = "$(TARGET_NAME)";
				WRAPPER_EXTENSION = app;
			};
			name = Release;
		};
		8EF1567F1944D14D00214EBB /* Debug */ = {
			isa = XCBuildConfiguration;
			buildSettings = {
				BUNDLE_LOADER = "$(BUILT_PRODUCTS_DIR)/Draggable.app/Draggable";
				FRAMEWORK_SEARCH_PATHS = (
					"$(SDKROOT)/Developer/Library/Frameworks",
					"$(inherited)",
					"$(DEVELOPER_FRAMEWORKS_DIR)",
				);
				GCC_PRECOMPILE_PREFIX_HEADER = YES;
				GCC_PREFIX_HEADER = "Draggable/Draggable-Prefix.pch";
				GCC_PREPROCESSOR_DEFINITIONS = (
					"DEBUG=1",
					"$(inherited)",
				);
				INFOPLIST_FILE = "DraggableTests/DraggableTests-Info.plist";
				PRODUCT_NAME = "$(TARGET_NAME)";
				TEST_HOST = "$(BUNDLE_LOADER)";
				WRAPPER_EXTENSION = xctest;
			};
			name = Debug;
		};
		8EF156801944D14D00214EBB /* Release */ = {
			isa = XCBuildConfiguration;
			buildSettings = {
				BUNDLE_LOADER = "$(BUILT_PRODUCTS_DIR)/Draggable.app/Draggable";
				FRAMEWORK_SEARCH_PATHS = (
					"$(SDKROOT)/Developer/Library/Frameworks",
					"$(inherited)",
					"$(DEVELOPER_FRAMEWORKS_DIR)",
				);
				GCC_PRECOMPILE_PREFIX_HEADER = YES;
				GCC_PREFIX_HEADER = "Draggable/Draggable-Prefix.pch";
				INFOPLIST_FILE = "DraggableTests/DraggableTests-Info.plist";
				PRODUCT_NAME = "$(TARGET_NAME)";
				TEST_HOST = "$(BUNDLE_LOADER)";
				WRAPPER_EXTENSION = xctest;
			};
			name = Release;
		};
/* End XCBuildConfiguration section */

/* Begin XCConfigurationList section */
		8EF156441944D14D00214EBB /* Build configuration list for PBXProject "Draggable" */ = {
			isa = XCConfigurationList;
			buildConfigurations = (
				8EF156791944D14D00214EBB /* Debug */,
				8EF1567A1944D14D00214EBB /* Release */,
			);
			defaultConfigurationIsVisible = 0;
			defaultConfigurationName = Release;
		};
		8EF1567B1944D14D00214EBB /* Build configuration list for PBXNativeTarget "Draggable" */ = {
			isa = XCConfigurationList;
			buildConfigurations = (
				8EF1567C1944D14D00214EBB /* Debug */,
				8EF1567D1944D14D00214EBB /* Release */,
			);
			defaultConfigurationIsVisible = 0;
			defaultConfigurationName = Release;
		};
		8EF1567E1944D14D00214EBB /* Build configuration list for PBXNativeTarget "DraggableTests" */ = {
			isa = XCConfigurationList;
			buildConfigurations = (
				8EF1567F1944D14D00214EBB /* Debug */,
				8EF156801944D14D00214EBB /* Release */,
			);
			defaultConfigurationIsVisible = 0;
			defaultConfigurationName = Release;
		};
/* End XCConfigurationList section */
	};
	rootObject = 8EF156411944D14D00214EBB /* Project object */;
}
